
Microsoft Visual Studio Solution File, Format Version 12.00
# Visual Studio Version 17
VisualStudioVersion = 17.1.32228.430
MinimumVisualStudioVersion = 10.0.40219.1
Project("{FAE04EC0-301F-11D3-BF4B-00C04F79EFBC}") = "BrownFig", "BrownFig\BrownFig.csproj", "{0A939EB5-A4B3-43EB-B333-D65215603AF1}"
EndProject
Project("{FAE04EC0-301F-11D3-BF4B-00C04F79EFBC}") = "BrownFig.Tests", "BrownFig.Tests\BrownFig.Tests.csproj", "{8EF56B34-ACE6-41B6-BA51-7CAB31914FFC}"
EndProject
Global
	GlobalSection(SolutionConfigurationPlatforms) = preSolution
		Debug|Any CPU = Debug|Any CPU
		Release|Any CPU = Release|Any CPU
	EndGlobalSection
	GlobalSection(ProjectConfigurationPlatforms) = postSolution
		{0A939EB5-A4B3-43EB-B333-D65215603AF1}.Debug|Any CPU.ActiveCfg = Debug|Any CPU
		{0A939EB5-A4B3-43EB-B333-D65215603AF1}.Debug|Any CPU.Build.0 = Debug|Any CPU
		{0A939EB5-A4B3-43EB-B333-D65215603AF1}.Release|Any CPU.ActiveCfg = Release|Any CPU
		{0A939EB5-A4B3-43EB-B333-D65215603AF1}.Release|Any CPU.Build.0 = Release|Any CPU
		{8EF56B34-ACE6-41B6-BA51-7CAB31914FFC}.Debug|Any CPU.ActiveCfg = Debug|Any CPU
		{8EF56B34-ACE6-41B6-BA51-7CAB31914FFC}.Debug|Any CPU.Build.0 = Debug|Any CPU
		{8EF56B34-ACE6-41B6-BA51-7CAB31914FFC}.Release|Any CPU.ActiveCfg = Release|Any CPU
		{8EF56B34-ACE6-41B6-BA51-7CAB31914FFC}.Release|Any CPU.Build.0 = Release|Any CPU
	EndGlobalSection
	GlobalSection(SolutionProperties) = preSolution
		HideSolutionNode = FALSE
	EndGlobalSection
	GlobalSection(ExtensibilityGlobals) = postSolution
		SolutionGuid = {F43C438F-52AA-45C1-B454-69ACBCE7CADF}
	EndGlobalSection
EndGlobal
